// !$*UTF8*$!
{
	archiveVersion = 1;
	classes = {
	};
	objectVersion = 77;
	objects = {

/* Begin PBXBuildFile section */
		0EB5328B68FC6180C2D77E97 /* UIComponents.swift in Sources */ = {isa = PBXBuildFile; fileRef = 0DEED7FBAE081FFF60C25F39 /* UIComponents.swift */; };
		38A91FB7CE58DADEB01F44C1 /* Assets.xcassets in Resources */ = {isa = PBXBuildFile; fileRef = 5D6894C5C06E2B64CC0F7B8C /* Assets.xcassets */; };
		489F8148F1F888DBA2ACA73A /* AppConfig.swift in Sources */ = {isa = PBXBuildFile; fileRef = A529A58371426BB15A7FF165 /* AppConfig.swift */; };
		5F9C549C4E5A72AF73EF0126 /* Models.swift in Sources */ = {isa = PBXBuildFile; fileRef = DC2A9CD149CE4BEE095EDB4E /* Models.swift */; };
		688EC4877229F5EF464D9E86 /* APIClient.swift in Sources */ = {isa = PBXBuildFile; fileRef = BBB228B55C3F50372320E46B /* APIClient.swift */; };
		6FDA14094C0B258CACD8E879 /* CameraScannerView.swift in Sources */ = {isa = PBXBuildFile; fileRef = 1CC9298689A83B5C5CE95406 /* CameraScannerView.swift */; };
		78ADB211180CCA332DA91352 /* HistoryModels.swift in Sources */ = {isa = PBXBuildFile; fileRef = 27CB7A531BAAA65DFD725E0E /* HistoryModels.swift */; };
		A76A1B59C57241628E70CA2A /* HistoryStore.swift in Sources */ = {isa = PBXBuildFile; fileRef = 58F96ECC5CFCC94AB92C9625 /* HistoryStore.swift */; };
		B6870DCE500D16C96DF536A3 /* SettingsView.swift in Sources */ = {isa = PBXBuildFile; fileRef = FB7DF900EF8D0C7942E0213D /* SettingsView.swift */; };
		B92CFE5EE8352FE8C83617E6 /* ContentView.swift in Sources */ = {isa = PBXBuildFile; fileRef = C4B008DE704C6F504B8C45A2 /* ContentView.swift */; };
		BE55B81D3D2F34A77A2D669D /* InkwellApp.swift in Sources */ = {isa = PBXBuildFile; fileRef = C0BF2CBDC55A9BEB4BF6057D /* InkwellApp.swift */; };
		C6E20BFC46E1517DF170714F /* ResultView.swift in Sources */ = {isa = PBXBuildFile; fileRef = 16B0AD2C5A46D905D142A3D3 /* ResultView.swift */; };
		CC1690E7427060435F528B32 /* MarkdownText.swift in Sources */ = {isa = PBXBuildFile; fileRef = 200ADE7CE2C49EB3B63522BE /* MarkdownText.swift */; };
		D63A8EB5111D503B0557EA40 /* ImageEncoder.swift in Sources */ = {isa = PBXBuildFile; fileRef = 77D2788BEAD36E4CFC8E6136 /* ImageEncoder.swift */; };
		F6EBA1193A767AAEB957A6A7 /* HistoryViews.swift in Sources */ = {isa = PBXBuildFile; fileRef = 89CA01672582751C190DEFCB /* HistoryViews.swift */; };
/* End PBXBuildFile section */

/* Begin PBXFileReference section */
		0DEED7FBAE081FFF60C25F39 /* UIComponents.swift */ = {isa = PBXFileReference; lastKnownFileType = sourcecode.swift; path = UIComponents.swift; sourceTree = "<group>"; };
		16B0AD2C5A46D905D142A3D3 /* ResultView.swift */ = {isa = PBXFileReference; lastKnownFileType = sourcecode.swift; path = ResultView.swift; sourceTree = "<group>"; };
		1CC9298689A83B5C5CE95406 /* CameraScannerView.swift */ = {isa = PBXFileReference; lastKnownFileType = sourcecode.swift; path = CameraScannerView.swift; sourceTree = "<group>"; };
		200ADE7CE2C49EB3B63522BE /* MarkdownText.swift */ = {isa = PBXFileReference; lastKnownFileType = sourcecode.swift; path = MarkdownText.swift; sourceTree = "<group>"; };
		26A5A86D94E2F0B6EBA77B76 /* Inkwell.app */ = {isa = PBXFileReference; includeInIndex = 0; lastKnownFileType = wrapper.application; path = Inkwell.app; sourceTree = BUILT_PRODUCTS_DIR; };
		27CB7A531BAAA65DFD725E0E /* HistoryModels.swift */ = {isa = PBXFileReference; lastKnownFileType = sourcecode.swift; path = HistoryModels.swift; sourceTree = "<group>"; };
		58F96ECC5CFCC94AB92C9625 /* HistoryStore.swift */ = {isa = PBXFileReference; lastKnownFileType = sourcecode.swift; path = HistoryStore.swift; sourceTree = "<group>"; };
		5D6894C5C06E2B64CC0F7B8C /* Assets.xcassets */ = {isa = PBXFileReference; lastKnownFileType = folder.assetcatalog; path = Assets.xcassets; sourceTree = "<group>"; };
		6D427D7F7137A13FF8698F5E /* Info.plist */ = {isa = PBXFileReference; lastKnownFileType = text.plist; path = Info.plist; sourceTree = "<group>"; };
		77D2788BEAD36E4CFC8E6136 /* ImageEncoder.swift */ = {isa = PBXFileReference; lastKnownFileType = sourcecode.swift; path = ImageEncoder.swift; sourceTree = "<group>"; };
		89CA01672582751C190DEFCB /* HistoryViews.swift */ = {isa = PBXFileReference; lastKnownFileType = sourcecode.swift; path = HistoryViews.swift; sourceTree = "<group>"; };
		A529A58371426BB15A7FF165 /* AppConfig.swift */ = {isa = PBXFileReference; lastKnownFileType = sourcecode.swift; path = AppConfig.swift; sourceTree = "<group>"; };
		BBB228B55C3F50372320E46B /* APIClient.swift */ = {isa = PBXFileReference; lastKnownFileType = sourcecode.swift; path = APIClient.swift; sourceTree = "<group>"; };
		BFF35DC20345334E3C67BCD3 /* Inkwell.entitlements */ = {isa = PBXFileReference; lastKnownFileType = text.plist.entitlements; path = Inkwell.entitlements; sourceTree = "<group>"; };
		C0BF2CBDC55A9BEB4BF6057D /* InkwellApp.swift */ = {isa = PBXFileReference; lastKnownFileType = sourcecode.swift; path = InkwellApp.swift; sourceTree = "<group>"; };
		C4B008DE704C6F504B8C45A2 /* ContentView.swift */ = {isa = PBXFileReference; lastKnownFileType = sourcecode.swift; path = ContentView.swift; sourceTree = "<group>"; };
		DC2A9CD149CE4BEE095EDB4E /* Models.swift */ = {isa = PBXFileReference; lastKnownFileType = sourcecode.swift; path = Models.swift; sourceTree = "<group>"; };
		FB7DF900EF8D0C7942E0213D /* SettingsView.swift */ = {isa = PBXFileReference; lastKnownFileType = sourcecode.swift; path = SettingsView.swift; sourceTree = "<group>"; };
/* End PBXFileReference section */

/* Begin PBXGroup section */
		18732601985C9245DC3D64CA = {
			isa = PBXGroup;
			children = (
				BB3F953BCCB30CDAC7342C4E /* Inkwell */,
				C63BBB90BC918F1125C5ED9D /* Products */,
			);
			sourceTree = "<group>";
		};
		BB3F953BCCB30CDAC7342C4E /* Inkwell */ = {
			isa = PBXGroup;
			children = (
				BBB228B55C3F50372320E46B /* APIClient.swift */,
				A529A58371426BB15A7FF165 /* AppConfig.swift */,
				5D6894C5C06E2B64CC0F7B8C /* Assets.xcassets */,
				1CC9298689A83B5C5CE95406 /* CameraScannerView.swift */,
				C4B008DE704C6F504B8C45A2 /* ContentView.swift */,
				27CB7A531BAAA65DFD725E0E /* HistoryModels.swift */,
				58F96ECC5CFCC94AB92C9625 /* HistoryStore.swift */,
				89CA01672582751C190DEFCB /* HistoryViews.swift */,
				77D2788BEAD36E4CFC8E6136 /* ImageEncoder.swift */,
				6D427D7F7137A13FF8698F5E /* Info.plist */,
				BFF35DC20345334E3C67BCD3 /* Inkwell.entitlements */,
				C0BF2CBDC55A9BEB4BF6057D /* InkwellApp.swift */,
				200ADE7CE2C49EB3B63522BE /* MarkdownText.swift */,
				DC2A9CD149CE4BEE095EDB4E /* Models.swift */,
				16B0AD2C5A46D905D142A3D3 /* ResultView.swift */,
				FB7DF900EF8D0C7942E0213D /* SettingsView.swift */,
				0DEED7FBAE081FFF60C25F39 /* UIComponents.swift */,
			);
			path = Inkwell;
			sourceTree = "<group>";
		};
		C63BBB90BC918F1125C5ED9D /* Products */ = {
			isa = PBXGroup;
			children = (
				26A5A86D94E2F0B6EBA77B76 /* Inkwell.app */,
			);
			name = Products;
			sourceTree = "<group>";
		};
/* End PBXGroup section */

/* Begin PBXNativeTarget section */
		43FA894527ECF67699BDD019 /* Inkwell */ = {
			isa = PBXNativeTarget;
			buildConfigurationList = FADFE3B9E0F76BDEA1042D11 /* Build configuration list for PBXNativeTarget "Inkwell" */;
			buildPhases = (
				1FDBE47A6BC23ED85FC17DEA /* Sources */,
				7FD03C216336B01C0CFBB0A2 /* Resources */,
			);
			buildRules = (
			);
			dependencies = (
			);
			name = Inkwell;
			packageProductDependencies = (
			);
			productName = Inkwell;
			productReference = 26A5A86D94E2F0B6EBA77B76 /* Inkwell.app */;
			productType = "com.apple.product-type.application";
		};
/* End PBXNativeTarget section */

/* Begin PBXProject section */
		D94428674BB0F9B3CF935623 /* Project object */ = {
			isa = PBXProject;
			attributes = {
				BuildIndependentTargetsInParallel = YES;
				LastUpgradeCheck = 1430;
			};
			buildConfigurationList = 82E3D81AB1F977EAA4AE5679 /* Build configuration list for PBXProject "Inkwell" */;
			compatibilityVersion = "Xcode 14.0";
			developmentRegion = en;
			hasScannedForEncodings = 0;
			knownRegions = (
				Base,
				en,
			);
			mainGroup = 18732601985C9245DC3D64CA;
			minimizedProjectReferenceProxies = 1;
			preferredProjectObjectVersion = 77;
			projectDirPath = "";
			projectRoot = "";
			targets = (
				43FA894527ECF67699BDD019 /* Inkwell */,
			);
		};
/* End PBXProject section */

/* Begin PBXResourcesBuildPhase section */
		7FD03C216336B01C0CFBB0A2 /* Resources */ = {
			isa = PBXResourcesBuildPhase;
			buildActionMask = 2147483647;
			files = (
				38A91FB7CE58DADEB01F44C1 /* Assets.xcassets in Resources */,
			);
			runOnlyForDeploymentPostprocessing = 0;
		};
/* End PBXResourcesBuildPhase section */

/* Begin PBXSourcesBuildPhase section */
		1FDBE47A6BC23ED85FC17DEA /* Sources */ = {
			isa = PBXSourcesBuildPhase;
			buildActionMask = 2147483647;
			files = (
				688EC4877229F5EF464D9E86 /* APIClient.swift in Sources */,
				489F8148F1F888DBA2ACA73A /* AppConfig.swift in Sources */,
				6FDA14094C0B258CACD8E879 /* CameraScannerView.swift in Sources */,
				B92CFE5EE8352FE8C83617E6 /* ContentView.swift in Sources */,
				78ADB211180CCA332DA91352 /* HistoryModels.swift in Sources */,
				A76A1B59C57241628E70CA2A /* HistoryStore.swift in Sources */,
				F6EBA1193A767AAEB957A6A7 /* HistoryViews.swift in Sources */,
				D63A8EB5111D503B0557EA40 /* ImageEncoder.swift in Sources */,
				BE55B81D3D2F34A77A2D669D /* InkwellApp.swift in Sources */,
				CC1690E7427060435F528B32 /* MarkdownText.swift in Sources */,
				5F9C549C4E5A72AF73EF0126 /* Models.swift in Sources */,
				C6E20BFC46E1517DF170714F /* ResultView.swift in Sources */,
				B6870DCE500D16C96DF536A3 /* SettingsView.swift in Sources */,
				0EB5328B68FC6180C2D77E97 /* UIComponents.swift in Sources */,
			);
			runOnlyForDeploymentPostprocessing = 0;
		};
/* End PBXSourcesBuildPhase section */

/* Begin XCBuildConfiguration section */
		4C2E9709DCDA9F77A1239BE7 /* Debug */ = {
			isa = XCBuildConfiguration;
			buildSettings = {
				ALWAYS_SEARCH_USER_PATHS = NO;
				CLANG_ANALYZER_NONNULL = YES;
				CLANG_ANALYZER_NUMBER_OBJECT_CONVERSION = YES_AGGRESSIVE;
				CLANG_CXX_LANGUAGE_STANDARD = "gnu++14";
				CLANG_CXX_LIBRARY = "libc++";
				CLANG_ENABLE_MODULES = YES;
				CLANG_ENABLE_OBJC_ARC = YES;
				CLANG_ENABLE_OBJC_WEAK = YES;
				CLANG_WARN_BLOCK_CAPTURE_AUTORELEASING = YES;
				CLANG_WARN_BOOL_CONVERSION = YES;
				CLANG_WARN_COMMA = YES;
				CLANG_WARN_CONSTANT_CONVERSION = YES;
				CLANG_WARN_DEPRECATED_OBJC_IMPLEMENTATIONS = YES;
				CLANG_WARN_DIRECT_OBJC_ISA_USAGE = YES_ERROR;
				CLANG_WARN_DOCUMENTATION_COMMENTS = YES;
				CLANG_WARN_EMPTY_BODY = YES;
				CLANG_WARN_ENUM_CONVERSION = YES;
				CLANG_WARN_INFINITE_RECURSION = YES;
				CLANG_WARN_INT_CONVERSION = YES;
				CLANG_WARN_NON_LITERAL_NULL_CONVERSION = YES;
				CLANG_WARN_OBJC_IMPLICIT_RETAIN_SELF = YES;
				CLANG_WARN_OBJC_LITERAL_CONVERSION = YES;
				CLANG_WARN_OBJC_ROOT_CLASS = YES_ERROR;
				CLANG_WARN_QUOTED_INCLUDE_IN_FRAMEWORK_HEADER = YES;
				CLANG_WARN_RANGE_LOOP_ANALYSIS = YES;
				CLANG_WARN_STRICT_PROTOTYPES = YES;
				CLANG_WARN_SUSPICIOUS_MOVE = YES;
				CLANG_WARN_UNGUARDED_AVAILABILITY = YES_AGGRESSIVE;
				CLANG_WARN_UNREACHABLE_CODE = YES;
				CLANG_WARN__DUPLICATE_METHOD_MATCH = YES;
				COPY_PHASE_STRIP = NO;
				DEBUG_INFORMATION_FORMAT = dwarf;
				ENABLE_STRICT_OBJC_MSGSEND = YES;
				ENABLE_TESTABILITY = YES;
				GCC_C_LANGUAGE_STANDARD = gnu11;
				GCC_DYNAMIC_NO_PIC = NO;
				GCC_NO_COMMON_BLOCKS = YES;
				GCC_OPTIMIZATION_LEVEL = 0;
				GCC_PREPROCESSOR_DEFINITIONS = (
					"$(inherited)",
					"DEBUG=1",
				);
				GCC_WARN_64_TO_32_BIT_CONVERSION = YES;
				GCC_WARN_ABOUT_RETURN_TYPE = YES_ERROR;
				GCC_WARN_UNDECLARED_SELECTOR = YES;
				GCC_WARN_UNINITIALIZED_AUTOS = YES_AGGRESSIVE;
				GCC_WARN_UNUSED_FUNCTION = YES;
				GCC_WARN_UNUSED_VARIABLE = YES;
				IPHONEOS_DEPLOYMENT_TARGET = 18.0;
				MTL_ENABLE_DEBUG_INFO = INCLUDE_SOURCE;
				MTL_FAST_MATH = YES;
				ONLY_ACTIVE_ARCH = YES;
				PRODUCT_NAME = "$(TARGET_NAME)";
				SDKROOT = iphoneos;
				SUPPORTED_PLATFORMS = "iphoneos iphonesimulator";
				SUPPORTS_MACCATALYST = NO;
				SWIFT_ACTIVE_COMPILATION_CONDITIONS = DEBUG;
				SWIFT_OPTIMIZATION_LEVEL = "-Onone";
				SWIFT_VERSION = 5.0;
			};
			name = Debug;
		};
		856B1F6CED97DA85FC803DF8 /* Release */ = {
			isa = XCBuildConfiguration;
			buildSettings = {
				ALWAYS_SEARCH_USER_PATHS = NO;
				CLANG_ANALYZER_NONNULL = YES;
				CLANG_ANALYZER_NUMBER_OBJECT_CONVERSION = YES_AGGRESSIVE;
				CLANG_CXX_LANGUAGE_STANDARD = "gnu++14";
				CLANG_CXX_LIBRARY = "libc++";
				CLANG_ENABLE_MODULES = YES;
				CLANG_ENABLE_OBJC_ARC = YES;
				CLANG_ENABLE_OBJC_WEAK = YES;
				CLANG_WARN_BLOCK_CAPTURE_AUTORELEASING = YES;
				CLANG_WARN_BOOL_CONVERSION = YES;
				CLANG_WARN_COMMA = YES;
				CLANG_WARN_CONSTANT_CONVERSION = YES;
				CLANG_WARN_DEPRECATED_OBJC_IMPLEMENTATIONS = YES;
				CLANG_WARN_DIRECT_OBJC_ISA_USAGE = YES_ERROR;
				CLANG_WARN_DOCUMENTATION_COMMENTS = YES;
				CLANG_WARN_EMPTY_BODY = YES;
				CLANG_WARN_ENUM_CONVERSION = YES;
				CLANG_WARN_INFINITE_RECURSION = YES;
				CLANG_WARN_INT_CONVERSION = YES;
				CLANG_WARN_NON_LITERAL_NULL_CONVERSION = YES;
				CLANG_WARN_OBJC_IMPLICIT_RETAIN_SELF = YES;
				CLANG_WARN_OBJC_LITERAL_CONVERSION = YES;
				CLANG_WARN_OBJC_ROOT_CLASS = YES_ERROR;
				CLANG_WARN_QUOTED_INCLUDE_IN_FRAMEWORK_HEADER = YES;
				CLANG_WARN_RANGE_LOOP_ANALYSIS = YES;
				CLANG_WARN_STRICT_PROTOTYPES = YES;
				CLANG_WARN_SUSPICIOUS_MOVE = YES;
				CLANG_WARN_UNGUARDED_AVAILABILITY = YES_AGGRESSIVE;
				CLANG_WARN_UNREACHABLE_CODE = YES;
				CLANG_WARN__DUPLICATE_METHOD_MATCH = YES;
				COPY_PHASE_STRIP = NO;
				DEBUG_INFORMATION_FORMAT = "dwarf-with-dsym";
				ENABLE_NS_ASSERTIONS = NO;
				ENABLE_STRICT_OBJC_MSGSEND = YES;
				GCC_C_LANGUAGE_STANDARD = gnu11;
				GCC_NO_COMMON_BLOCKS = YES;
				GCC_WARN_64_TO_32_BIT_CONVERSION = YES;
				GCC_WARN_ABOUT_RETURN_TYPE = YES_ERROR;
				GCC_WARN_UNDECLARED_SELECTOR = YES;
				GCC_WARN_UNINITIALIZED_AUTOS = YES_AGGRESSIVE;
				GCC_WARN_UNUSED_FUNCTION = YES;
				GCC_WARN_UNUSED_VARIABLE = YES;
				IPHONEOS_DEPLOYMENT_TARGET = 18.0;
				MTL_ENABLE_DEBUG_INFO = NO;
				MTL_FAST_MATH = YES;
				PRODUCT_NAME = "$(TARGET_NAME)";
				SDKROOT = iphoneos;
				SUPPORTED_PLATFORMS = "iphoneos iphonesimulator";
				SUPPORTS_MACCATALYST = NO;
				SWIFT_COMPILATION_MODE = wholemodule;
				SWIFT_OPTIMIZATION_LEVEL = "-O";
				SWIFT_VERSION = 5.0;
			};
			name = Release;
		};
		9E1DFFD8FA2FE2694BE37F81 /* Debug */ = {
			isa = XCBuildConfiguration;
			buildSettings = {
				ASSETCATALOG_COMPILER_APPICON_NAME = AppIcon;
				CODE_SIGN_ENTITLEMENTS = Inkwell/Inkwell.entitlements;
				CODE_SIGN_IDENTITY = "iPhone Developer";
				INFOPLIST_FILE = Inkwell/Info.plist;
				LD_RUNPATH_SEARCH_PATHS = (
					"$(inherited)",
					"@executable_path/Frameworks",
				);
				PRODUCT_BUNDLE_IDENTIFIER = com.davegraham.inkwell;
				SDKROOT = iphoneos;
				TARGETED_DEVICE_FAMILY = "1,2";
			};
			name = Debug;
		};
		BD74D0761D34293F6A1D1140 /* Release */ = {
			isa = XCBuildConfiguration;
			buildSettings = {
				ASSETCATALOG_COMPILER_APPICON_NAME = AppIcon;
				CODE_SIGN_ENTITLEMENTS = Inkwell/Inkwell.entitlements;
				CODE_SIGN_IDENTITY = "iPhone Developer";
				INFOPLIST_FILE = Inkwell/Info.plist;
				LD_RUNPATH_SEARCH_PATHS = (
					"$(inherited)",
					"@executable_path/Frameworks",
				);
				PRODUCT_BUNDLE_IDENTIFIER = com.davegraham.inkwell;
				SDKROOT = iphoneos;
				TARGETED_DEVICE_FAMILY = "1,2";
			};
			name = Release;
		};
/* End XCBuildConfiguration section */

/* Begin XCConfigurationList section */
		82E3D81AB1F977EAA4AE5679 /* Build configuration list for PBXProject "Inkwell" */ = {
			isa = XCConfigurationList;
			buildConfigurations = (
				4C2E9709DCDA9F77A1239BE7 /* Debug */,
				856B1F6CED97DA85FC803DF8 /* Release */,
			);
			defaultConfigurationIsVisible = 0;
			defaultConfigurationName = Debug;
		};
		FADFE3B9E0F76BDEA1042D11 /* Build configuration list for PBXNativeTarget "Inkwell" */ = {
			isa = XCConfigurationList;
			buildConfigurations = (
				9E1DFFD8FA2FE2694BE37F81 /* Debug */,
				BD74D0761D34293F6A1D1140 /* Release */,
			);
			defaultConfigurationIsVisible = 0;
			defaultConfigurationName = Debug;
		};
/* End XCConfigurationList section */
	};
	rootObject = D94428674BB0F9B3CF935623 /* Project object */;
}
